
Microsoft Visual Studio Solution File, Format Version 12.00
# Visual Studio 15
VisualStudioVersion = 15.0.27428.2037
MinimumVisualStudioVersion = 10.0.40219.1
Project("{FAE04EC0-301F-11D3-BF4B-00C04F79EFBC}") = "Delegate_Exercise", "Delegate_Exercise\Delegate_Exercise.csproj", "{B1B6001F-594A-4B7C-A7E4-4396BE24407F}"
EndProject
Global
	GlobalSection(SolutionConfigurationPlatforms) = preSolution
		Debug|Any CPU = Debug|Any CPU
		Release|Any CPU = Release|Any CPU
	EndGlobalSection
	GlobalSection(ProjectConfigurationPlatforms) = postSolution
		{B1B6001F-594A-4B7C-A7E4-4396BE24407F}.Debug|Any CPU.ActiveCfg = Debug|Any CPU
		{B1B6001F-594A-4B7C-A7E4-4396BE24407F}.Debug|Any CPU.Build.0 = Debug|Any CPU
		{B1B6001F-594A-4B7C-A7E4-4396BE24407F}.Release|Any CPU.ActiveCfg = Release|Any CPU
		{B1B6001F-594A-4B7C-A7E4-4396BE24407F}.Release|Any CPU.Build.0 = Release|Any CPU
	EndGlobalSection
	GlobalSection(SolutionProperties) = preSolution
		HideSolutionNode = FALSE
	EndGlobalSection
	GlobalSection(ExtensibilityGlobals) = postSolution
		SolutionGuid = {2D8CDAE6-13FE-49F6-AD2B-BB9FBAA1A739}
	EndGlobalSection
EndGlobal
